
Microsoft Visual Studio Solution File, Format Version 12.00
# Visual Studio Version 17
VisualStudioVersion = 17.2.32602.215
MinimumVisualStudioVersion = 10.0.40219.1
Project("{8BC9CEB8-8B4A-11D0-8D11-00A0C91BC942}") = "Project9", "Project9\Project9.vcxproj", "{20F5F765-092C-4BC6-ACF8-F5AA2E81017A}"
EndProject
Global
	GlobalSection(SolutionConfigurationPlatforms) = preSolution
		Debug|x64 = Debug|x64
		Debug|x86 = Debug|x86
		Release|x64 = Release|x64
		Release|x86 = Release|x86
	EndGlobalSection
	GlobalSection(ProjectConfigurationPlatforms) = postSolution
		{20F5F765-092C-4BC6-ACF8-F5AA2E81017A}.Debug|x64.ActiveCfg = Debug|x64
		{20F5F765-092C-4BC6-ACF8-F5AA2E81017A}.Debug|x64.Build.0 = Debug|x64
		{20F5F765-092C-4BC6-ACF8-F5AA2E81017A}.Debug|x86.ActiveCfg = Debug|Win32
		{20F5F765-092C-4BC6-ACF8-F5AA2E81017A}.Debug|x86.Build.0 = Debug|Win32
		{20F5F765-092C-4BC6-ACF8-F5AA2E81017A}.Release|x64.ActiveCfg = Release|x64
		{20F5F765-092C-4BC6-ACF8-F5AA2E81017A}.Release|x64.Build.0 = Release|x64
		{20F5F765-092C-4BC6-ACF8-F5AA2E81017A}.Release|x86.ActiveCfg = Release|Win32
		{20F5F765-092C-4BC6-ACF8-F5AA2E81017A}.Release|x86.Build.0 = Release|Win32
	EndGlobalSection
	GlobalSection(SolutionProperties) = preSolution
		HideSolutionNode = FALSE
	EndGlobalSection
	GlobalSection(ExtensibilityGlobals) = postSolution
		SolutionGuid = {15B3B7CE-04B1-48D6-81CC-BF0A167A29BA}
	EndGlobalSection
EndGlobal
